
Microsoft Visual Studio Solution File, Format Version 12.00
# Visual Studio Version 17
VisualStudioVersion = 17.2.32616.157
MinimumVisualStudioVersion = 10.0.40219.1
Project("{FAE04EC0-301F-11D3-BF4B-00C04F79EFBC}") = "TICTACTOE", "TICTACTOE\TICTACTOE.csproj", "{A6821072-9139-4C88-AC3B-6C854A1B07CA}"
EndProject
Global
	GlobalSection(SolutionConfigurationPlatforms) = preSolution
		Debug|Any CPU = Debug|Any CPU
		Release|Any CPU = Release|Any CPU
	EndGlobalSection
	GlobalSection(ProjectConfigurationPlatforms) = postSolution
		{A6821072-9139-4C88-AC3B-6C854A1B07CA}.Debug|Any CPU.ActiveCfg = Debug|Any CPU
		{A6821072-9139-4C88-AC3B-6C854A1B07CA}.Debug|Any CPU.Build.0 = Debug|Any CPU
		{A6821072-9139-4C88-AC3B-6C854A1B07CA}.Release|Any CPU.ActiveCfg = Release|Any CPU
		{A6821072-9139-4C88-AC3B-6C854A1B07CA}.Release|Any CPU.Build.0 = Release|Any CPU
	EndGlobalSection
	GlobalSection(SolutionProperties) = preSolution
		HideSolutionNode = FALSE
	EndGlobalSection
	GlobalSection(ExtensibilityGlobals) = postSolution
		SolutionGuid = {D848C552-8781-4CEC-923E-B8D2FA989A66}
	EndGlobalSection
EndGlobal
